// !$*UTF8*$!
{
	archiveVersion = 1;
	classes = {
	};
	objectVersion = 46;
	objects = {

/* Begin PBXBuildFile section */
		A61F9DF915878FD40024B18B /* UIKit.framework in Frameworks */ = {isa = PBXBuildFile; fileRef = A61F9DF815878FD40024B18B /* UIKit.framework */; };
		A61F9DFB15878FD40024B18B /* Foundation.framework in Frameworks */ = {isa = PBXBuildFile; fileRef = A61F9DFA15878FD40024B18B /* Foundation.framework */; };
		A61F9DFD15878FD40024B18B /* CoreGraphics.framework in Frameworks */ = {isa = PBXBuildFile; fileRef = A61F9DFC15878FD40024B18B /* CoreGraphics.framework */; };
		A61F9E0315878FD40024B18B /* InfoPlist.strings in Resources */ = {isa = PBXBuildFile; fileRef = A61F9E0115878FD40024B18B /* InfoPlist.strings */; };
		A61F9E0515878FD40024B18B /* main.m in Sources */ = {isa = PBXBuildFile; fileRef = A61F9E0415878FD40024B18B /* main.m */; };
		A61F9E0915878FD40024B18B /* AAmoAppDelegate.m in Sources */ = {isa = PBXBuildFile; fileRef = A61F9E0815878FD40024B18B /* AAmoAppDelegate.m */; };
		A61F9E0C15878FD40024B18B /* MainStoryboard_iPhone.storyboard in Resources */ = {isa = PBXBuildFile; fileRef = A61F9E0A15878FD40024B18B /* MainStoryboard_iPhone.storyboard */; };
		A61F9E0F15878FD40024B18B /* MainStoryboard_iPad.storyboard in Resources */ = {isa = PBXBuildFile; fileRef = A61F9E0D15878FD40024B18B /* MainStoryboard_iPad.storyboard */; };
		A61F9E1215878FD40024B18B /* AAmoViewController.m in Sources */ = {isa = PBXBuildFile; fileRef = A61F9E1115878FD40024B18B /* AAmoViewController.m */; };
		A61F9E1A1587913C0024B18B /* AAmoDynaView.m in Sources */ = {isa = PBXBuildFile; fileRef = A61F9E191587913C0024B18B /* AAmoDynaView.m */; };
		A61F9F13158900750024B18B /* lapi.c in Sources */ = {isa = PBXBuildFile; fileRef = A61F9EDB158900750024B18B /* lapi.c */; };
		A61F9F14158900750024B18B /* lauxlib.c in Sources */ = {isa = PBXBuildFile; fileRef = A61F9EDD158900750024B18B /* lauxlib.c */; };
		A61F9F15158900750024B18B /* lbaselib.c in Sources */ = {isa = PBXBuildFile; fileRef = A61F9EDF158900750024B18B /* lbaselib.c */; };
		A61F9F16158900750024B18B /* lcode.c in Sources */ = {isa = PBXBuildFile; fileRef = A61F9EE0158900750024B18B /* lcode.c */; };
		A61F9F17158900750024B18B /* ldblib.c in Sources */ = {isa = PBXBuildFile; fileRef = A61F9EE2158900750024B18B /* ldblib.c */; };
		A61F9F18158900750024B18B /* ldebug.c in Sources */ = {isa = PBXBuildFile; fileRef = A61F9EE3158900750024B18B /* ldebug.c */; };
		A61F9F19158900750024B18B /* ldo.c in Sources */ = {isa = PBXBuildFile; fileRef = A61F9EE5158900750024B18B /* ldo.c */; };
		A61F9F1A158900750024B18B /* ldump.c in Sources */ = {isa = PBXBuildFile; fileRef = A61F9EE7158900750024B18B /* ldump.c */; };
		A61F9F1B158900750024B18B /* lfunc.c in Sources */ = {isa = PBXBuildFile; fileRef = A61F9EE8158900750024B18B /* lfunc.c */; };
		A61F9F1C158900750024B18B /* lgc.c in Sources */ = {isa = PBXBuildFile; fileRef = A61F9EEA158900750024B18B /* lgc.c */; };
		A61F9F1D158900750024B18B /* linit.c in Sources */ = {isa = PBXBuildFile; fileRef = A61F9EEC158900750024B18B /* linit.c */; };
		A61F9F1E158900750024B18B /* liolib.c in Sources */ = {isa = PBXBuildFile; fileRef = A61F9EED158900750024B18B /* liolib.c */; };
		A61F9F1F158900750024B18B /* llex.c in Sources */ = {isa = PBXBuildFile; fileRef = A61F9EEE158900750024B18B /* llex.c */; };
		A61F9F20158900750024B18B /* lmathlib.c in Sources */ = {isa = PBXBuildFile; fileRef = A61F9EF1158900750024B18B /* lmathlib.c */; };
		A61F9F21158900750024B18B /* lmem.c in Sources */ = {isa = PBXBuildFile; fileRef = A61F9EF2158900750024B18B /* lmem.c */; };
		A61F9F22158900750024B18B /* loadlib.c in Sources */ = {isa = PBXBuildFile; fileRef = A61F9EF4158900750024B18B /* loadlib.c */; };
		A61F9F23158900750024B18B /* lobject.c in Sources */ = {isa = PBXBuildFile; fileRef = A61F9EF5158900750024B18B /* lobject.c */; };
		A61F9F24158900750024B18B /* lopcodes.c in Sources */ = {isa = PBXBuildFile; fileRef = A61F9EF7158900750024B18B /* lopcodes.c */; };
		A61F9F25158900750024B18B /* loslib.c in Sources */ = {isa = PBXBuildFile; fileRef = A61F9EF9158900750024B18B /* loslib.c */; };
		A61F9F26158900750024B18B /* lparser.c in Sources */ = {isa = PBXBuildFile; fileRef = A61F9EFA158900750024B18B /* lparser.c */; };
		A61F9F27158900750024B18B /* lstate.c in Sources */ = {isa = PBXBuildFile; fileRef = A61F9EFC158900750024B18B /* lstate.c */; };
		A61F9F28158900750024B18B /* lstring.c in Sources */ = {isa = PBXBuildFile; fileRef = A61F9EFE158900750024B18B /* lstring.c */; };
		A61F9F29158900750024B18B /* lstrlib.c in Sources */ = {isa = PBXBuildFile; fileRef = A61F9F00158900750024B18B /* lstrlib.c */; };
		A61F9F2A158900750024B18B /* ltable.c in Sources */ = {isa = PBXBuildFile; fileRef = A61F9F01158900750024B18B /* ltable.c */; };
		A61F9F2B158900750024B18B /* ltablib.c in Sources */ = {isa = PBXBuildFile; fileRef = A61F9F03158900750024B18B /* ltablib.c */; };
		A61F9F2C158900750024B18B /* ltm.c in Sources */ = {isa = PBXBuildFile; fileRef = A61F9F04158900750024B18B /* ltm.c */; };
		A61F9F2F158900750024B18B /* lundump.c in Sources */ = {isa = PBXBuildFile; fileRef = A61F9F0B158900750024B18B /* lundump.c */; };
		A61F9F30158900750024B18B /* lvm.c in Sources */ = {isa = PBXBuildFile; fileRef = A61F9F0D158900750024B18B /* lvm.c */; };
		A61F9F31158900750024B18B /* lzio.c in Sources */ = {isa = PBXBuildFile; fileRef = A61F9F0F158900750024B18B /* lzio.c */; };
		A61F9F33158900750024B18B /* print.c in Sources */ = {isa = PBXBuildFile; fileRef = A61F9F12158900750024B18B /* print.c */; };
		A63416A515B61B0A00845252 /* AAmoResourceBundle.m in Sources */ = {isa = PBXBuildFile; fileRef = A63416A415B61B0A00845252 /* AAmoResourceBundle.m */; };
		A6655C8715AA08EC00E16689 /* AAmoScreenData.m in Sources */ = {isa = PBXBuildFile; fileRef = A6655C8615AA08EC00E16689 /* AAmoScreenData.m */; };
		A67AB11315BE05C7004CDAC9 /* AAmoGlobalParameter.m in Sources */ = {isa = PBXBuildFile; fileRef = A67AB11215BE05C7004CDAC9 /* AAmoGlobalParameter.m */; };
		A69D3F1F15F8242F00BA941A /* bd.xml in Resources */ = {isa = PBXBuildFile; fileRef = A69D3F1E15F8242F00BA941A /* bd.xml */; };
		A69D3F2115F824A500BA941A /* acessodb.lua in Resources */ = {isa = PBXBuildFile; fileRef = A69D3F2015F824A500BA941A /* acessodb.lua */; };
		A69D3F2315F824E800BA941A /* ui.xml in Resources */ = {isa = PBXBuildFile; fileRef = A69D3F2215F824E800BA941A /* ui.xml */; };
		A69D3F3515F8269A00BA941A /* AAmoColumn.m in Sources */ = {isa = PBXBuildFile; fileRef = A69D3F2915F8269A00BA941A /* AAmoColumn.m */; };
		A69D3F3615F8269A00BA941A /* AAmoDatabase.m in Sources */ = {isa = PBXBuildFile; fileRef = A69D3F2B15F8269A00BA941A /* AAmoDatabase.m */; };
		A69D3F3715F8269A00BA941A /* AamoDBAdapter.m in Sources */ = {isa = PBXBuildFile; fileRef = A69D3F2D15F8269A00BA941A /* AamoDBAdapter.m */; };
		A69D3F3815F8269A00BA941A /* AAmoDBParser.m in Sources */ = {isa = PBXBuildFile; fileRef = A69D3F2F15F8269A00BA941A /* AAmoDBParser.m */; };
		A69D3F3915F8269A00BA941A /* AAmoMapaQuery.m in Sources */ = {isa = PBXBuildFile; fileRef = A69D3F3115F8269A00BA941A /* AAmoMapaQuery.m */; };
		A69D3F3A15F8269A00BA941A /* AAmoTable.m in Sources */ = {isa = PBXBuildFile; fileRef = A69D3F3315F8269A00BA941A /* AAmoTable.m */; };
		A69D3F3B15F8269A00BA941A /* ui3.xml in Resources */ = {isa = PBXBuildFile; fileRef = A69D3F3415F8269A00BA941A /* ui3.xml */; };
		A69D3F3E15F826D900BA941A /* libsqlite3.dylib in Frameworks */ = {isa = PBXBuildFile; fileRef = A69D3F3D15F826D900BA941A /* libsqlite3.dylib */; };
		F8934C6015D0A9340045469C /* (null) in Frameworks */ = {isa = PBXBuildFile; };
/* End PBXBuildFile section */

/* Begin PBXFileReference section */
		A61F9DF415878FD40024B18B /* AamoiOS.app */ = {isa = PBXFileReference; explicitFileType = wrapper.application; includeInIndex = 0; path = AamoiOS.app; sourceTree = BUILT_PRODUCTS_DIR; };
		A61F9DF815878FD40024B18B /* UIKit.framework */ = {isa = PBXFileReference; lastKnownFileType = wrapper.framework; name = UIKit.framework; path = System/Library/Frameworks/UIKit.framework; sourceTree = SDKROOT; };
		A61F9DFA15878FD40024B18B /* Foundation.framework */ = {isa = PBXFileReference; lastKnownFileType = wrapper.framework; name = Foundation.framework; path = System/Library/Frameworks/Foundation.framework; sourceTree = SDKROOT; };
		A61F9DFC15878FD40024B18B /* CoreGraphics.framework */ = {isa = PBXFileReference; lastKnownFileType = wrapper.framework; name = CoreGraphics.framework; path = System/Library/Frameworks/CoreGraphics.framework; sourceTree = SDKROOT; };
		A61F9E0015878FD40024B18B /* AamoiOS-Info.plist */ = {isa = PBXFileReference; lastKnownFileType = text.plist.xml; path = "AamoiOS-Info.plist"; sourceTree = "<group>"; };
		A61F9E0215878FD40024B18B /* en */ = {isa = PBXFileReference; lastKnownFileType = text.plist.strings; name = en; path = en.lproj/InfoPlist.strings; sourceTree = "<group>"; };
		A61F9E0415878FD40024B18B /* main.m */ = {isa = PBXFileReference; lastKnownFileType = sourcecode.c.objc; path = main.m; sourceTree = "<group>"; };
		A61F9E0615878FD40024B18B /* AamoiOS-Prefix.pch */ = {isa = PBXFileReference; lastKnownFileType = sourcecode.c.h; path = "AamoiOS-Prefix.pch"; sourceTree = "<group>"; };
		A61F9E0715878FD40024B18B /* AAmoAppDelegate.h */ = {isa = PBXFileReference; lastKnownFileType = sourcecode.c.h; path = AAmoAppDelegate.h; sourceTree = "<group>"; };
		A61F9E0815878FD40024B18B /* AAmoAppDelegate.m */ = {isa = PBXFileReference; lastKnownFileType = sourcecode.c.objc; path = AAmoAppDelegate.m; sourceTree = "<group>"; };
		A61F9E0B15878FD40024B18B /* en */ = {isa = PBXFileReference; lastKnownFileType = file.storyboard; name = en; path = en.lproj/MainStoryboard_iPhone.storyboard; sourceTree = "<group>"; };
		A61F9E0E15878FD40024B18B /* en */ = {isa = PBXFileReference; lastKnownFileType = file.storyboard; name = en; path = en.lproj/MainStoryboard_iPad.storyboard; sourceTree = "<group>"; };
		A61F9E1015878FD40024B18B /* AAmoViewController.h */ = {isa = PBXFileReference; lastKnownFileType = sourcecode.c.h; path = AAmoViewController.h; sourceTree = "<group>"; };
		A61F9E1115878FD40024B18B /* AAmoViewController.m */ = {isa = PBXFileReference; lastKnownFileType = sourcecode.c.objc; path = AAmoViewController.m; sourceTree = "<group>"; };
		A61F9E181587913C0024B18B /* AAmoDynaView.h */ = {isa = PBXFileReference; fileEncoding = 4; lastKnownFileType = sourcecode.c.h; path = AAmoDynaView.h; sourceTree = "<group>"; };
		A61F9E191587913C0024B18B /* AAmoDynaView.m */ = {isa = PBXFileReference; fileEncoding = 4; lastKnownFileType = sourcecode.c.objc; path = AAmoDynaView.m; sourceTree = "<group>"; };
		A61F9EDB158900750024B18B /* lapi.c */ = {isa = PBXFileReference; fileEncoding = 4; lastKnownFileType = sourcecode.c.c; path = lapi.c; sourceTree = "<group>"; };
		A61F9EDC158900750024B18B /* lapi.h */ = {isa = PBXFileReference; fileEncoding = 4; lastKnownFileType = sourcecode.c.h; path = lapi.h; sourceTree = "<group>"; };
		A61F9EDD158900750024B18B /* lauxlib.c */ = {isa = PBXFileReference; fileEncoding = 4; lastKnownFileType = sourcecode.c.c; path = lauxlib.c; sourceTree = "<group>"; };
		A61F9EDE158900750024B18B /* lauxlib.h */ = {isa = PBXFileReference; fileEncoding = 4; lastKnownFileType = sourcecode.c.h; path = lauxlib.h; sourceTree = "<group>"; };
		A61F9EDF158900750024B18B /* lbaselib.c */ = {isa = PBXFileReference; fileEncoding = 4; lastKnownFileType = sourcecode.c.c; path = lbaselib.c; sourceTree = "<group>"; };
		A61F9EE0158900750024B18B /* lcode.c */ = {isa = PBXFileReference; fileEncoding = 4; lastKnownFileType = sourcecode.c.c; path = lcode.c; sourceTree = "<group>"; };
		A61F9EE1158900750024B18B /* lcode.h */ = {isa = PBXFileReference; fileEncoding = 4; lastKnownFileType = sourcecode.c.h; path = lcode.h; sourceTree = "<group>"; };
		A61F9EE2158900750024B18B /* ldblib.c */ = {isa = PBXFileReference; fileEncoding = 4; lastKnownFileType = sourcecode.c.c; path = ldblib.c; sourceTree = "<group>"; };
		A61F9EE3158900750024B18B /* ldebug.c */ = {isa = PBXFileReference; fileEncoding = 4; lastKnownFileType = sourcecode.c.c; path = ldebug.c; sourceTree = "<group>"; };
		A61F9EE4158900750024B18B /* ldebug.h */ = {isa = PBXFileReference; fileEncoding = 4; lastKnownFileType = sourcecode.c.h; path = ldebug.h; sourceTree = "<group>"; };
		A61F9EE5158900750024B18B /* ldo.c */ = {isa = PBXFileReference; fileEncoding = 4; lastKnownFileType = sourcecode.c.c; path = ldo.c; sourceTree = "<group>"; };
		A61F9EE6158900750024B18B /* ldo.h */ = {isa = PBXFileReference; fileEncoding = 4; lastKnownFileType = sourcecode.c.h; path = ldo.h; sourceTree = "<group>"; };
		A61F9EE7158900750024B18B /* ldump.c */ = {isa = PBXFileReference; fileEncoding = 4; lastKnownFileType = sourcecode.c.c; path = ldump.c; sourceTree = "<group>"; };
		A61F9EE8158900750024B18B /* lfunc.c */ = {isa = PBXFileReference; fileEncoding = 4; lastKnownFileType = sourcecode.c.c; path = lfunc.c; sourceTree = "<group>"; };
		A61F9EE9158900750024B18B /* lfunc.h */ = {isa = PBXFileReference; fileEncoding = 4; lastKnownFileType = sourcecode.c.h; path = lfunc.h; sourceTree = "<group>"; };
		A61F9EEA158900750024B18B /* lgc.c */ = {isa = PBXFileReference; fileEncoding = 4; lastKnownFileType = sourcecode.c.c; path = lgc.c; sourceTree = "<group>"; };
		A61F9EEB158900750024B18B /* lgc.h */ = {isa = PBXFileReference; fileEncoding = 4; lastKnownFileType = sourcecode.c.h; path = lgc.h; sourceTree = "<group>"; };
		A61F9EEC158900750024B18B /* linit.c */ = {isa = PBXFileReference; fileEncoding = 4; lastKnownFileType = sourcecode.c.c; path = linit.c; sourceTree = "<group>"; };
		A61F9EED158900750024B18B /* liolib.c */ = {isa = PBXFileReference; fileEncoding = 4; lastKnownFileType = sourcecode.c.c; path = liolib.c; sourceTree = "<group>"; };
		A61F9EEE158900750024B18B /* llex.c */ = {isa = PBXFileReference; fileEncoding = 4; lastKnownFileType = sourcecode.c.c; path = llex.c; sourceTree = "<group>"; };
		A61F9EEF158900750024B18B /* llex.h */ = {isa = PBXFileReference; fileEncoding = 4; lastKnownFileType = sourcecode.c.h; path = llex.h; sourceTree = "<group>"; };
		A61F9EF0158900750024B18B /* llimits.h */ = {isa = PBXFileReference; fileEncoding = 4; lastKnownFileType = sourcecode.c.h; path = llimits.h; sourceTree = "<group>"; };
		A61F9EF1158900750024B18B /* lmathlib.c */ = {isa = PBXFileReference; fileEncoding = 4; lastKnownFileType = sourcecode.c.c; path = lmathlib.c; sourceTree = "<group>"; };
		A61F9EF2158900750024B18B /* lmem.c */ = {isa = PBXFileReference; fileEncoding = 4; lastKnownFileType = sourcecode.c.c; path = lmem.c; sourceTree = "<group>"; };
		A61F9EF3158900750024B18B /* lmem.h */ = {isa = PBXFileReference; fileEncoding = 4; lastKnownFileType = sourcecode.c.h; path = lmem.h; sourceTree = "<group>"; };
		A61F9EF4158900750024B18B /* loadlib.c */ = {isa = PBXFileReference; fileEncoding = 4; lastKnownFileType = sourcecode.c.c; path = loadlib.c; sourceTree = "<group>"; };
		A61F9EF5158900750024B18B /* lobject.c */ = {isa = PBXFileReference; fileEncoding = 4; lastKnownFileType = sourcecode.c.c; path = lobject.c; sourceTree = "<group>"; };
		A61F9EF6158900750024B18B /* lobject.h */ = {isa = PBXFileReference; fileEncoding = 4; lastKnownFileType = sourcecode.c.h; path = lobject.h; sourceTree = "<group>"; };
		A61F9EF7158900750024B18B /* lopcodes.c */ = {isa = PBXFileReference; fileEncoding = 4; lastKnownFileType = sourcecode.c.c; path = lopcodes.c; sourceTree = "<group>"; };
		A61F9EF8158900750024B18B /* lopcodes.h */ = {isa = PBXFileReference; fileEncoding = 4; lastKnownFileType = sourcecode.c.h; path = lopcodes.h; sourceTree = "<group>"; };
		A61F9EF9158900750024B18B /* loslib.c */ = {isa = PBXFileReference; fileEncoding = 4; lastKnownFileType = sourcecode.c.c; path = loslib.c; sourceTree = "<group>"; };
		A61F9EFA158900750024B18B /* lparser.c */ = {isa = PBXFileReference; fileEncoding = 4; lastKnownFileType = sourcecode.c.c; path = lparser.c; sourceTree = "<group>"; };
		A61F9EFB158900750024B18B /* lparser.h */ = {isa = PBXFileReference; fileEncoding = 4; lastKnownFileType = sourcecode.c.h; path = lparser.h; sourceTree = "<group>"; };
		A61F9EFC158900750024B18B /* lstate.c */ = {isa = PBXFileReference; fileEncoding = 4; lastKnownFileType = sourcecode.c.c; path = lstate.c; sourceTree = "<group>"; };
		A61F9EFD158900750024B18B /* lstate.h */ = {isa = PBXFileReference; fileEncoding = 4; lastKnownFileType = sourcecode.c.h; path = lstate.h; sourceTree = "<group>"; };
		A61F9EFE158900750024B18B /* lstring.c */ = {isa = PBXFileReference; fileEncoding = 4; lastKnownFileType = sourcecode.c.c; path = lstring.c; sourceTree = "<group>"; };
		A61F9EFF158900750024B18B /* lstring.h */ = {isa = PBXFileReference; fileEncoding = 4; lastKnownFileType = sourcecode.c.h; path = lstring.h; sourceTree = "<group>"; };
		A61F9F00158900750024B18B /* lstrlib.c */ = {isa = PBXFileReference; fileEncoding = 4; lastKnownFileType = sourcecode.c.c; path = lstrlib.c; sourceTree = "<group>"; };
		A61F9F01158900750024B18B /* ltable.c */ = {isa = PBXFileReference; fileEncoding = 4; lastKnownFileType = sourcecode.c.c; path = ltable.c; sourceTree = "<group>"; };
		A61F9F02158900750024B18B /* ltable.h */ = {isa = PBXFileReference; fileEncoding = 4; lastKnownFileType = sourcecode.c.h; path = ltable.h; sourceTree = "<group>"; };
		A61F9F03158900750024B18B /* ltablib.c */ = {isa = PBXFileReference; fileEncoding = 4; lastKnownFileType = sourcecode.c.c; path = ltablib.c; sourceTree = "<group>"; };
		A61F9F04158900750024B18B /* ltm.c */ = {isa = PBXFileReference; fileEncoding = 4; lastKnownFileType = sourcecode.c.c; path = ltm.c; sourceTree = "<group>"; };
		A61F9F05158900750024B18B /* ltm.h */ = {isa = PBXFileReference; fileEncoding = 4; lastKnownFileType = sourcecode.c.h; path = ltm.h; sourceTree = "<group>"; };
		A61F9F07158900750024B18B /* lua.h */ = {isa = PBXFileReference; fileEncoding = 4; lastKnownFileType = sourcecode.c.h; path = lua.h; sourceTree = "<group>"; };
		A61F9F09158900750024B18B /* luaconf.h */ = {isa = PBXFileReference; fileEncoding = 4; lastKnownFileType = sourcecode.c.h; path = luaconf.h; sourceTree = "<group>"; };
		A61F9F0A158900750024B18B /* lualib.h */ = {isa = PBXFileReference; fileEncoding = 4; lastKnownFileType = sourcecode.c.h; path = lualib.h; sourceTree = "<group>"; };
		A61F9F0B158900750024B18B /* lundump.c */ = {isa = PBXFileReference; fileEncoding = 4; lastKnownFileType = sourcecode.c.c; path = lundump.c; sourceTree = "<group>"; };
		A61F9F0C158900750024B18B /* lundump.h */ = {isa = PBXFileReference; fileEncoding = 4; lastKnownFileType = sourcecode.c.h; path = lundump.h; sourceTree = "<group>"; };
		A61F9F0D158900750024B18B /* lvm.c */ = {isa = PBXFileReference; fileEncoding = 4; lastKnownFileType = sourcecode.c.c; path = lvm.c; sourceTree = "<group>"; };
		A61F9F0E158900750024B18B /* lvm.h */ = {isa = PBXFileReference; fileEncoding = 4; lastKnownFileType = sourcecode.c.h; path = lvm.h; sourceTree = "<group>"; };
		A61F9F0F158900750024B18B /* lzio.c */ = {isa = PBXFileReference; fileEncoding = 4; lastKnownFileType = sourcecode.c.c; path = lzio.c; sourceTree = "<group>"; };
		A61F9F10158900750024B18B /* lzio.h */ = {isa = PBXFileReference; fileEncoding = 4; lastKnownFileType = sourcecode.c.h; path = lzio.h; sourceTree = "<group>"; };
		A61F9F12158900750024B18B /* print.c */ = {isa = PBXFileReference; fileEncoding = 4; lastKnownFileType = sourcecode.c.c; path = print.c; sourceTree = "<group>"; };
		A63416A315B61B0A00845252 /* AAmoResourceBundle.h */ = {isa = PBXFileReference; fileEncoding = 4; lastKnownFileType = sourcecode.c.h; path = AAmoResourceBundle.h; sourceTree = "<group>"; };
		A63416A415B61B0A00845252 /* AAmoResourceBundle.m */ = {isa = PBXFileReference; fileEncoding = 4; lastKnownFileType = sourcecode.c.objc; path = AAmoResourceBundle.m; sourceTree = "<group>"; };
		A6655C8515AA08EC00E16689 /* AAmoScreenData.h */ = {isa = PBXFileReference; fileEncoding = 4; lastKnownFileType = sourcecode.c.h; path = AAmoScreenData.h; sourceTree = "<group>"; };
		A6655C8615AA08EC00E16689 /* AAmoScreenData.m */ = {isa = PBXFileReference; fileEncoding = 4; lastKnownFileType = sourcecode.c.objc; path = AAmoScreenData.m; sourceTree = "<group>"; };
		A67AB11115BE05C7004CDAC9 /* AAmoGlobalParameter.h */ = {isa = PBXFileReference; fileEncoding = 4; lastKnownFileType = sourcecode.c.h; path = AAmoGlobalParameter.h; sourceTree = "<group>"; };
		A67AB11215BE05C7004CDAC9 /* AAmoGlobalParameter.m */ = {isa = PBXFileReference; fileEncoding = 4; lastKnownFileType = sourcecode.c.objc; path = AAmoGlobalParameter.m; sourceTree = "<group>"; };
		A69D3F1E15F8242F00BA941A /* bd.xml */ = {isa = PBXFileReference; fileEncoding = 4; lastKnownFileType = text.xml; path = bd.xml; sourceTree = "<group>"; };
		A69D3F2015F824A500BA941A /* acessodb.lua */ = {isa = PBXFileReference; fileEncoding = 4; lastKnownFileType = text; path = acessodb.lua; sourceTree = "<group>"; };
		A69D3F2215F824E800BA941A /* ui.xml */ = {isa = PBXFileReference; fileEncoding = 4; lastKnownFileType = text.xml; path = ui.xml; sourceTree = "<group>"; };
		A69D3F2815F8269A00BA941A /* AAmoColumn.h */ = {isa = PBXFileReference; fileEncoding = 4; lastKnownFileType = sourcecode.c.h; name = AAmoColumn.h; path = Aamo/AAmoColumn.h; sourceTree = "<group>"; };
		A69D3F2915F8269A00BA941A /* AAmoColumn.m */ = {isa = PBXFileReference; fileEncoding = 4; lastKnownFileType = sourcecode.c.objc; name = AAmoColumn.m; path = Aamo/AAmoColumn.m; sourceTree = "<group>"; };
		A69D3F2A15F8269A00BA941A /* AAmoDatabase.h */ = {isa = PBXFileReference; fileEncoding = 4; lastKnownFileType = sourcecode.c.h; name = AAmoDatabase.h; path = Aamo/AAmoDatabase.h; sourceTree = "<group>"; };
		A69D3F2B15F8269A00BA941A /* AAmoDatabase.m */ = {isa = PBXFileReference; fileEncoding = 4; lastKnownFileType = sourcecode.c.objc; name = AAmoDatabase.m; path = Aamo/AAmoDatabase.m; sourceTree = "<group>"; };
		A69D3F2C15F8269A00BA941A /* AamoDBAdapter.h */ = {isa = PBXFileReference; fileEncoding = 4; lastKnownFileType = sourcecode.c.h; name = AamoDBAdapter.h; path = Aamo/AamoDBAdapter.h; sourceTree = "<group>"; };
		A69D3F2D15F8269A00BA941A /* AamoDBAdapter.m */ = {isa = PBXFileReference; fileEncoding = 4; lastKnownFileType = sourcecode.c.objc; name = AamoDBAdapter.m; path = Aamo/AamoDBAdapter.m; sourceTree = "<group>"; };
		A69D3F2E15F8269A00BA941A /* AAmoDBParser.h */ = {isa = PBXFileReference; fileEncoding = 4; lastKnownFileType = sourcecode.c.h; name = AAmoDBParser.h; path = Aamo/AAmoDBParser.h; sourceTree = "<group>"; };
		A69D3F2F15F8269A00BA941A /* AAmoDBParser.m */ = {isa = PBXFileReference; fileEncoding = 4; lastKnownFileType = sourcecode.c.objc; name = AAmoDBParser.m; path = Aamo/AAmoDBParser.m; sourceTree = "<group>"; };
		A69D3F3015F8269A00BA941A /* AAmoMapaQuery.h */ = {isa = PBXFileReference; fileEncoding = 4; lastKnownFileType = sourcecode.c.h; name = AAmoMapaQuery.h; path = Aamo/AAmoMapaQuery.h; sourceTree = "<group>"; };
		A69D3F3115F8269A00BA941A /* AAmoMapaQuery.m */ = {isa = PBXFileReference; fileEncoding = 4; lastKnownFileType = sourcecode.c.objc; name = AAmoMapaQuery.m; path = Aamo/AAmoMapaQuery.m; sourceTree = "<group>"; };
		A69D3F3215F8269A00BA941A /* AAmoTable.h */ = {isa = PBXFileReference; fileEncoding = 4; lastKnownFileType = sourcecode.c.h; name = AAmoTable.h; path = Aamo/AAmoTable.h; sourceTree = "<group>"; };
		A69D3F3315F8269A00BA941A /* AAmoTable.m */ = {isa = PBXFileReference; fileEncoding = 4; lastKnownFileType = sourcecode.c.objc; name = AAmoTable.m; path = Aamo/AAmoTable.m; sourceTree = "<group>"; };
		A69D3F3415F8269A00BA941A /* ui3.xml */ = {isa = PBXFileReference; fileEncoding = 4; lastKnownFileType = text.xml; name = ui3.xml; path = Aamo/ui3.xml; sourceTree = "<group>"; };
		A69D3F3D15F826D900BA941A /* libsqlite3.dylib */ = {isa = PBXFileReference; lastKnownFileType = "compiled.mach-o.dylib"; name = libsqlite3.dylib; path = usr/lib/libsqlite3.dylib; sourceTree = SDKROOT; };
/* End PBXFileReference section */

/* Begin PBXFrameworksBuildPhase section */
		A61F9DF115878FD40024B18B /* Frameworks */ = {
			isa = PBXFrameworksBuildPhase;
			buildActionMask = 2147483647;
			files = (
				A69D3F3E15F826D900BA941A /* libsqlite3.dylib in Frameworks */,
				F8934C6015D0A9340045469C /* (null) in Frameworks */,
				A61F9DF915878FD40024B18B /* UIKit.framework in Frameworks */,
				A61F9DFB15878FD40024B18B /* Foundation.framework in Frameworks */,
				A61F9DFD15878FD40024B18B /* CoreGraphics.framework in Frameworks */,
			);
			runOnlyForDeploymentPostprocessing = 0;
		};
/* End PBXFrameworksBuildPhase section */

/* Begin PBXGroup section */
		A61F9DE915878FD40024B18B = {
			isa = PBXGroup;
			children = (
				A69D3F3D15F826D900BA941A /* libsqlite3.dylib */,
				A69D3F2815F8269A00BA941A /* AAmoColumn.h */,
				A69D3F2915F8269A00BA941A /* AAmoColumn.m */,
				A69D3F2A15F8269A00BA941A /* AAmoDatabase.h */,
				A69D3F2B15F8269A00BA941A /* AAmoDatabase.m */,
				A69D3F2C15F8269A00BA941A /* AamoDBAdapter.h */,
				A69D3F2D15F8269A00BA941A /* AamoDBAdapter.m */,
				A69D3F2E15F8269A00BA941A /* AAmoDBParser.h */,
				A69D3F2F15F8269A00BA941A /* AAmoDBParser.m */,
				A69D3F3015F8269A00BA941A /* AAmoMapaQuery.h */,
				A69D3F3115F8269A00BA941A /* AAmoMapaQuery.m */,
				A69D3F3215F8269A00BA941A /* AAmoTable.h */,
				A69D3F3315F8269A00BA941A /* AAmoTable.m */,
				A69D3F3415F8269A00BA941A /* ui3.xml */,
				A61F9DFE15878FD40024B18B /* Aamo */,
				A61F9DF715878FD40024B18B /* Frameworks */,
				A61F9DF515878FD40024B18B /* Products */,
			);
			sourceTree = "<group>";
		};
		A61F9DF515878FD40024B18B /* Products */ = {
			isa = PBXGroup;
			children = (
				A61F9DF415878FD40024B18B /* AamoiOS.app */,
			);
			name = Products;
			sourceTree = "<group>";
		};
		A61F9DF715878FD40024B18B /* Frameworks */ = {
			isa = PBXGroup;
			children = (
				A61F9DF815878FD40024B18B /* UIKit.framework */,
				A61F9DFA15878FD40024B18B /* Foundation.framework */,
				A61F9DFC15878FD40024B18B /* CoreGraphics.framework */,
			);
			name = Frameworks;
			sourceTree = "<group>";
		};
		A61F9DFE15878FD40024B18B /* Aamo */ = {
			isa = PBXGroup;
			children = (
				A61F9EDA158900750024B18B /* lua */,
				A61F9E1F1587C3900024B18B /* app */,
				A61F9E0715878FD40024B18B /* AAmoAppDelegate.h */,
				A61F9E0815878FD40024B18B /* AAmoAppDelegate.m */,
				A61F9E0A15878FD40024B18B /* MainStoryboard_iPhone.storyboard */,
				A61F9E0D15878FD40024B18B /* MainStoryboard_iPad.storyboard */,
				A61F9E1015878FD40024B18B /* AAmoViewController.h */,
				A61F9E1115878FD40024B18B /* AAmoViewController.m */,
				A61F9DFF15878FD40024B18B /* Supporting Files */,
				A61F9E181587913C0024B18B /* AAmoDynaView.h */,
				A61F9E191587913C0024B18B /* AAmoDynaView.m */,
				A6655C8515AA08EC00E16689 /* AAmoScreenData.h */,
				A6655C8615AA08EC00E16689 /* AAmoScreenData.m */,
				A63416A315B61B0A00845252 /* AAmoResourceBundle.h */,
				A63416A415B61B0A00845252 /* AAmoResourceBundle.m */,
				A67AB11115BE05C7004CDAC9 /* AAmoGlobalParameter.h */,
				A67AB11215BE05C7004CDAC9 /* AAmoGlobalParameter.m */,
			);
			path = Aamo;
			sourceTree = "<group>";
		};
		A61F9DFF15878FD40024B18B /* Supporting Files */ = {
			isa = PBXGroup;
			children = (
				A61F9E0015878FD40024B18B /* AamoiOS-Info.plist */,
				A61F9E0115878FD40024B18B /* InfoPlist.strings */,
				A61F9E0415878FD40024B18B /* main.m */,
				A61F9E0615878FD40024B18B /* AamoiOS-Prefix.pch */,
			);
			name = "Supporting Files";
			sourceTree = "<group>";
		};
		A61F9E1F1587C3900024B18B /* app */ = {
			isa = PBXGroup;
			children = (
				A69D3F2015F824A500BA941A /* acessodb.lua */,
				A69D3F1D15F823EC00BA941A /* bd */,
				A69D3F2215F824E800BA941A /* ui.xml */,
			);
			name = app;
			sourceTree = "<group>";
		};
		A61F9EDA158900750024B18B /* lua */ = {
			isa = PBXGroup;
			children = (
				A61F9EDB158900750024B18B /* lapi.c */,
				A61F9EDC158900750024B18B /* lapi.h */,
				A61F9EDD158900750024B18B /* lauxlib.c */,
				A61F9EDE158900750024B18B /* lauxlib.h */,
				A61F9EDF158900750024B18B /* lbaselib.c */,
				A61F9EE0158900750024B18B /* lcode.c */,
				A61F9EE1158900750024B18B /* lcode.h */,
				A61F9EE2158900750024B18B /* ldblib.c */,
				A61F9EE3158900750024B18B /* ldebug.c */,
				A61F9EE4158900750024B18B /* ldebug.h */,
				A61F9EE5158900750024B18B /* ldo.c */,
				A61F9EE6158900750024B18B /* ldo.h */,
				A61F9EE7158900750024B18B /* ldump.c */,
				A61F9EE8158900750024B18B /* lfunc.c */,
				A61F9EE9158900750024B18B /* lfunc.h */,
				A61F9EEA158900750024B18B /* lgc.c */,
				A61F9EEB158900750024B18B /* lgc.h */,
				A61F9EEC158900750024B18B /* linit.c */,
				A61F9EED158900750024B18B /* liolib.c */,
				A61F9EEE158900750024B18B /* llex.c */,
				A61F9EEF158900750024B18B /* llex.h */,
				A61F9EF0158900750024B18B /* llimits.h */,
				A61F9EF1158900750024B18B /* lmathlib.c */,
				A61F9EF2158900750024B18B /* lmem.c */,
				A61F9EF3158900750024B18B /* lmem.h */,
				A61F9EF4158900750024B18B /* loadlib.c */,
				A61F9EF5158900750024B18B /* lobject.c */,
				A61F9EF6158900750024B18B /* lobject.h */,
				A61F9EF7158900750024B18B /* lopcodes.c */,
				A61F9EF8158900750024B18B /* lopcodes.h */,
				A61F9EF9158900750024B18B /* loslib.c */,
				A61F9EFA158900750024B18B /* lparser.c */,
				A61F9EFB158900750024B18B /* lparser.h */,
				A61F9EFC158900750024B18B /* lstate.c */,
				A61F9EFD158900750024B18B /* lstate.h */,
				A61F9EFE158900750024B18B /* lstring.c */,
				A61F9EFF158900750024B18B /* lstring.h */,
				A61F9F00158900750024B18B /* lstrlib.c */,
				A61F9F01158900750024B18B /* ltable.c */,
				A61F9F02158900750024B18B /* ltable.h */,
				A61F9F03158900750024B18B /* ltablib.c */,
				A61F9F04158900750024B18B /* ltm.c */,
				A61F9F05158900750024B18B /* ltm.h */,
				A61F9F07158900750024B18B /* lua.h */,
				A61F9F09158900750024B18B /* luaconf.h */,
				A61F9F0A158900750024B18B /* lualib.h */,
				A61F9F0B158900750024B18B /* lundump.c */,
				A61F9F0C158900750024B18B /* lundump.h */,
				A61F9F0D158900750024B18B /* lvm.c */,
				A61F9F0E158900750024B18B /* lvm.h */,
				A61F9F0F158900750024B18B /* lzio.c */,
				A61F9F10158900750024B18B /* lzio.h */,
				A61F9F12158900750024B18B /* print.c */,
			);
			path = lua;
			sourceTree = "<group>";
		};
		A69D3F1D15F823EC00BA941A /* bd */ = {
			isa = PBXGroup;
			children = (
				A69D3F1E15F8242F00BA941A /* bd.xml */,
			);
			name = bd;
			sourceTree = "<group>";
		};
/* End PBXGroup section */

/* Begin PBXNativeTarget section */
		A61F9DF315878FD40024B18B /* AamoiOS */ = {
			isa = PBXNativeTarget;
			buildConfigurationList = A61F9E1515878FD40024B18B /* Build configuration list for PBXNativeTarget "AamoiOS" */;
			buildPhases = (
				A61F9DF015878FD40024B18B /* Sources */,
				A61F9DF115878FD40024B18B /* Frameworks */,
				A61F9DF215878FD40024B18B /* Resources */,
			);
			buildRules = (
			);
			dependencies = (
			);
			name = AamoiOS;
			productName = Aamo;
			productReference = A61F9DF415878FD40024B18B /* AamoiOS.app */;
			productType = "com.apple.product-type.application";
		};
/* End PBXNativeTarget section */

/* Begin PBXProject section */
		A61F9DEB15878FD40024B18B /* Project object */ = {
			isa = PBXProject;
			attributes = {
				CLASSPREFIX = AAmo;
				LastUpgradeCheck = 0430;
			};
			buildConfigurationList = A61F9DEE15878FD40024B18B /* Build configuration list for PBXProject "AamoiOS" */;
			compatibilityVersion = "Xcode 3.2";
			developmentRegion = English;
			hasScannedForEncodings = 0;
			knownRegions = (
				en,
			);
			mainGroup = A61F9DE915878FD40024B18B;
			productRefGroup = A61F9DF515878FD40024B18B /* Products */;
			projectDirPath = "";
			projectRoot = "";
			targets = (
				A61F9DF315878FD40024B18B /* AamoiOS */,
			);
		};
/* End PBXProject section */

/* Begin PBXResourcesBuildPhase section */
		A61F9DF215878FD40024B18B /* Resources */ = {
			isa = PBXResourcesBuildPhase;
			buildActionMask = 2147483647;
			files = (
				A61F9E0315878FD40024B18B /* InfoPlist.strings in Resources */,
				A61F9E0C15878FD40024B18B /* MainStoryboard_iPhone.storyboard in Resources */,
				A61F9E0F15878FD40024B18B /* MainStoryboard_iPad.storyboard in Resources */,
				A69D3F1F15F8242F00BA941A /* bd.xml in Resources */,
				A69D3F2115F824A500BA941A /* acessodb.lua in Resources */,
				A69D3F2315F824E800BA941A /* ui.xml in Resources */,
				A69D3F3B15F8269A00BA941A /* ui3.xml in Resources */,
			);
			runOnlyForDeploymentPostprocessing = 0;
		};
/* End PBXResourcesBuildPhase section */

/* Begin PBXSourcesBuildPhase section */
		A61F9DF015878FD40024B18B /* Sources */ = {
			isa = PBXSourcesBuildPhase;
			buildActionMask = 2147483647;
			files = (
				A61F9E0515878FD40024B18B /* main.m in Sources */,
				A61F9E0915878FD40024B18B /* AAmoAppDelegate.m in Sources */,
				A61F9E1215878FD40024B18B /* AAmoViewController.m in Sources */,
				A61F9E1A1587913C0024B18B /* AAmoDynaView.m in Sources */,
				A61F9F13158900750024B18B /* lapi.c in Sources */,
				A61F9F14158900750024B18B /* lauxlib.c in Sources */,
				A61F9F15158900750024B18B /* lbaselib.c in Sources */,
				A61F9F16158900750024B18B /* lcode.c in Sources */,
				A61F9F17158900750024B18B /* ldblib.c in Sources */,
				A61F9F18158900750024B18B /* ldebug.c in Sources */,
				A61F9F19158900750024B18B /* ldo.c in Sources */,
				A61F9F1A158900750024B18B /* ldump.c in Sources */,
				A61F9F1B158900750024B18B /* lfunc.c in Sources */,
				A61F9F1C158900750024B18B /* lgc.c in Sources */,
				A61F9F1D158900750024B18B /* linit.c in Sources */,
				A61F9F1E158900750024B18B /* liolib.c in Sources */,
				A61F9F1F158900750024B18B /* llex.c in Sources */,
				A61F9F20158900750024B18B /* lmathlib.c in Sources */,
				A61F9F21158900750024B18B /* lmem.c in Sources */,
				A61F9F22158900750024B18B /* loadlib.c in Sources */,
				A61F9F23158900750024B18B /* lobject.c in Sources */,
				A61F9F24158900750024B18B /* lopcodes.c in Sources */,
				A61F9F25158900750024B18B /* loslib.c in Sources */,
				A61F9F26158900750024B18B /* lparser.c in Sources */,
				A61F9F27158900750024B18B /* lstate.c in Sources */,
				A61F9F28158900750024B18B /* lstring.c in Sources */,
				A61F9F29158900750024B18B /* lstrlib.c in Sources */,
				A61F9F2A158900750024B18B /* ltable.c in Sources */,
				A61F9F2B158900750024B18B /* ltablib.c in Sources */,
				A61F9F2C158900750024B18B /* ltm.c in Sources */,
				A61F9F2F158900750024B18B /* lundump.c in Sources */,
				A61F9F30158900750024B18B /* lvm.c in Sources */,
				A61F9F31158900750024B18B /* lzio.c in Sources */,
				A61F9F33158900750024B18B /* print.c in Sources */,
				A6655C8715AA08EC00E16689 /* AAmoScreenData.m in Sources */,
				A63416A515B61B0A00845252 /* AAmoResourceBundle.m in Sources */,
				A67AB11315BE05C7004CDAC9 /* AAmoGlobalParameter.m in Sources */,
				A69D3F3515F8269A00BA941A /* AAmoColumn.m in Sources */,
				A69D3F3615F8269A00BA941A /* AAmoDatabase.m in Sources */,
				A69D3F3715F8269A00BA941A /* AamoDBAdapter.m in Sources */,
				A69D3F3815F8269A00BA941A /* AAmoDBParser.m in Sources */,
				A69D3F3915F8269A00BA941A /* AAmoMapaQuery.m in Sources */,
				A69D3F3A15F8269A00BA941A /* AAmoTable.m in Sources */,
			);
			runOnlyForDeploymentPostprocessing = 0;
		};
/* End PBXSourcesBuildPhase section */

/* Begin PBXVariantGroup section */
		A61F9E0115878FD40024B18B /* InfoPlist.strings */ = {
			isa = PBXVariantGroup;
			children = (
				A61F9E0215878FD40024B18B /* en */,
			);
			name = InfoPlist.strings;
			sourceTree = "<group>";
		};
		A61F9E0A15878FD40024B18B /* MainStoryboard_iPhone.storyboard */ = {
			isa = PBXVariantGroup;
			children = (
				A61F9E0B15878FD40024B18B /* en */,
			);
			name = MainStoryboard_iPhone.storyboard;
			sourceTree = "<group>";
		};
		A61F9E0D15878FD40024B18B /* MainStoryboard_iPad.storyboard */ = {
			isa = PBXVariantGroup;
			children = (
				A61F9E0E15878FD40024B18B /* en */,
			);
			name = MainStoryboard_iPad.storyboard;
			sourceTree = "<group>";
		};
/* End PBXVariantGroup section */

/* Begin XCBuildConfiguration section */
		A61F9E1315878FD40024B18B /* Debug */ = {
			isa = XCBuildConfiguration;
			buildSettings = {
				ALWAYS_SEARCH_USER_PATHS = NO;
				ARCHS = "$(ARCHS_STANDARD_32_BIT)";
				CLANG_ENABLE_OBJC_ARC = YES;
				"CODE_SIGN_IDENTITY[sdk=iphoneos*]" = "iPhone Developer";
				COPY_PHASE_STRIP = NO;
				GCC_C_LANGUAGE_STANDARD = gnu99;
				GCC_DYNAMIC_NO_PIC = NO;
				GCC_OPTIMIZATION_LEVEL = 0;
				GCC_PREPROCESSOR_DEFINITIONS = (
					"DEBUG=1",
					"$(inherited)",
				);
				GCC_SYMBOLS_PRIVATE_EXTERN = NO;
				GCC_VERSION = com.apple.compilers.llvm.clang.1_0;
				GCC_WARN_ABOUT_RETURN_TYPE = YES;
				GCC_WARN_UNINITIALIZED_AUTOS = YES;
				GCC_WARN_UNUSED_VARIABLE = YES;
				IPHONEOS_DEPLOYMENT_TARGET = 5.1;
				SDKROOT = iphoneos;
				TARGETED_DEVICE_FAMILY = "1,2";
			};
			name = Debug;
		};
		A61F9E1415878FD40024B18B /* Release */ = {
			isa = XCBuildConfiguration;
			buildSettings = {
				ALWAYS_SEARCH_USER_PATHS = NO;
				ARCHS = "$(ARCHS_STANDARD_32_BIT)";
				CLANG_ENABLE_OBJC_ARC = YES;
				"CODE_SIGN_IDENTITY[sdk=iphoneos*]" = "iPhone Developer";
				COPY_PHASE_STRIP = YES;
				GCC_C_LANGUAGE_STANDARD = gnu99;
				GCC_VERSION = com.apple.compilers.llvm.clang.1_0;
				GCC_WARN_ABOUT_RETURN_TYPE = YES;
				GCC_WARN_UNINITIALIZED_AUTOS = YES;
				GCC_WARN_UNUSED_VARIABLE = YES;
				IPHONEOS_DEPLOYMENT_TARGET = 5.1;
				OTHER_CFLAGS = "-DNS_BLOCK_ASSERTIONS=1";
				SDKROOT = iphoneos;
				TARGETED_DEVICE_FAMILY = "1,2";
				VALIDATE_PRODUCT = YES;
			};
			name = Release;
		};
		A61F9E1615878FD40024B18B /* Debug */ = {
			isa = XCBuildConfiguration;
			buildSettings = {
				GCC_PRECOMPILE_PREFIX_HEADER = YES;
				GCC_PREFIX_HEADER = "Aamo/AamoiOS-Prefix.pch";
				INFOPLIST_FILE = "Aamo/AamoiOS-Info.plist";
				PRODUCT_NAME = AamoiOS;
				TARGETED_DEVICE_FAMILY = "1,2";
				WRAPPER_EXTENSION = app;
			};
			name = Debug;
		};
		A61F9E1715878FD40024B18B /* Release */ = {
			isa = XCBuildConfiguration;
			buildSettings = {
				GCC_PRECOMPILE_PREFIX_HEADER = YES;
				GCC_PREFIX_HEADER = "Aamo/AamoiOS-Prefix.pch";
				INFOPLIST_FILE = "Aamo/AamoiOS-Info.plist";
				PRODUCT_NAME = AamoiOS;
				TARGETED_DEVICE_FAMILY = "1,2";
				WRAPPER_EXTENSION = app;
			};
			name = Release;
		};
/* End XCBuildConfiguration section */

/* Begin XCConfigurationList section */
		A61F9DEE15878FD40024B18B /* Build configuration list for PBXProject "AamoiOS" */ = {
			isa = XCConfigurationList;
			buildConfigurations = (
				A61F9E1315878FD40024B18B /* Debug */,
				A61F9E1415878FD40024B18B /* Release */,
			);
			defaultConfigurationIsVisible = 0;
			defaultConfigurationName = Release;
		};
		A61F9E1515878FD40024B18B /* Build configuration list for PBXNativeTarget "AamoiOS" */ = {
			isa = XCConfigurationList;
			buildConfigurations = (
				A61F9E1615878FD40024B18B /* Debug */,
				A61F9E1715878FD40024B18B /* Release */,
			);
			defaultConfigurationIsVisible = 0;
			defaultConfigurationName = Release;
		};
/* End XCConfigurationList section */
	};
	rootObject = A61F9DEB15878FD40024B18B /* Project object */;
}
